
Microsoft Visual Studio Solution File, Format Version 12.00
# Visual Studio 15
VisualStudioVersion = 15.0.27703.2035
MinimumVisualStudioVersion = 10.0.40219.1
Project("{FAE04EC0-301F-11D3-BF4B-00C04F79EFBC}") = "TodoApi", "TodoApi\TodoApi.csproj", "{40FBA61B-4658-4906-BEDF-953C6785CB85}"
EndProject
Global
	GlobalSection(SolutionConfigurationPlatforms) = preSolution
		Debug|Any CPU = Debug|Any CPU
		Release|Any CPU = Release|Any CPU
	EndGlobalSection
	GlobalSection(ProjectConfigurationPlatforms) = postSolution
		{40FBA61B-4658-4906-BEDF-953C6785CB85}.Debug|Any CPU.ActiveCfg = Debug|Any CPU
		{40FBA61B-4658-4906-BEDF-953C6785CB85}.Debug|Any CPU.Build.0 = Debug|Any CPU
		{40FBA61B-4658-4906-BEDF-953C6785CB85}.Release|Any CPU.ActiveCfg = Release|Any CPU
		{40FBA61B-4658-4906-BEDF-953C6785CB85}.Release|Any CPU.Build.0 = Release|Any CPU
	EndGlobalSection
	GlobalSection(SolutionProperties) = preSolution
		HideSolutionNode = FALSE
	EndGlobalSection
	GlobalSection(ExtensibilityGlobals) = postSolution
		SolutionGuid = {06FA5685-D926-4D8E-A5E5-72FF21092B9E}
	EndGlobalSection
EndGlobal
